
Microsoft Visual Studio Solution File, Format Version 12.00
# Visual Studio Version 16
VisualStudioVersion = 16.0.28803.202
MinimumVisualStudioVersion = 10.0.40219.1
Project("{FAE04EC0-301F-11D3-BF4B-00C04F79EFBC}") = "Assignment", "Assignment.csproj", "{BA78F2DE-F2E1-483B-9B49-4801F9456BE5}"
EndProject
Project("{FAE04EC0-301F-11D3-BF4B-00C04F79EFBC}") = "AssignmentTest", "AssignementTest\AssignmentTest.csproj", "{CCFFD70C-3937-4979-B551-6573C86C6123}"
EndProject
Global
	GlobalSection(SolutionConfigurationPlatforms) = preSolution
		Debug|Any CPU = Debug|Any CPU
		Release|Any CPU = Release|Any CPU
	EndGlobalSection
	GlobalSection(ProjectConfigurationPlatforms) = postSolution
		{BA78F2DE-F2E1-483B-9B49-4801F9456BE5}.Debug|Any CPU.ActiveCfg = Debug|Any CPU
		{BA78F2DE-F2E1-483B-9B49-4801F9456BE5}.Debug|Any CPU.Build.0 = Debug|Any CPU
		{BA78F2DE-F2E1-483B-9B49-4801F9456BE5}.Release|Any CPU.ActiveCfg = Release|Any CPU
		{BA78F2DE-F2E1-483B-9B49-4801F9456BE5}.Release|Any CPU.Build.0 = Release|Any CPU
		{CCFFD70C-3937-4979-B551-6573C86C6123}.Debug|Any CPU.ActiveCfg = Debug|Any CPU
		{CCFFD70C-3937-4979-B551-6573C86C6123}.Debug|Any CPU.Build.0 = Debug|Any CPU
		{CCFFD70C-3937-4979-B551-6573C86C6123}.Release|Any CPU.ActiveCfg = Release|Any CPU
		{CCFFD70C-3937-4979-B551-6573C86C6123}.Release|Any CPU.Build.0 = Release|Any CPU
	EndGlobalSection
	GlobalSection(SolutionProperties) = preSolution
		HideSolutionNode = FALSE
	EndGlobalSection
	GlobalSection(ExtensibilityGlobals) = postSolution
		SolutionGuid = {40770583-7412-49BB-9F44-8ECC5C5632D9}
	EndGlobalSection
EndGlobal
